
Microsoft Visual Studio Solution File, Format Version 12.00
# Visual Studio Version 16
VisualStudioVersion = 16.0.31205.134
MinimumVisualStudioVersion = 10.0.40219.1
Project("{8BC9CEB8-8B4A-11D0-8D11-00A0C91BC942}") = "GBA_emu", "GBA_emu\GBA_emu.vcxproj", "{4ED9B3BB-D449-42F2-8A7E-BE7991850710}"
EndProject
Project("{2150E333-8FDC-42A3-9474-1A3956D46DE8}") = "Solution Items", "Solution Items", "{D9FCD84C-045B-4568-A75A-44A7EB611EAF}"
	ProjectSection(SolutionItems) = preProject
		GBA_emu\olcPixelGameEngine.h = GBA_emu\olcPixelGameEngine.h
	EndProjectSection
EndProject
Global
	GlobalSection(SolutionConfigurationPlatforms) = preSolution
		Debug|x64 = Debug|x64
		Debug|x86 = Debug|x86
		Release|x64 = Release|x64
		Release|x86 = Release|x86
	EndGlobalSection
	GlobalSection(ProjectConfigurationPlatforms) = postSolution
		{4ED9B3BB-D449-42F2-8A7E-BE7991850710}.Debug|x64.ActiveCfg = Debug|x64
		{4ED9B3BB-D449-42F2-8A7E-BE7991850710}.Debug|x64.Build.0 = Debug|x64
		{4ED9B3BB-D449-42F2-8A7E-BE7991850710}.Debug|x86.ActiveCfg = Debug|Win32
		{4ED9B3BB-D449-42F2-8A7E-BE7991850710}.Debug|x86.Build.0 = Debug|Win32
		{4ED9B3BB-D449-42F2-8A7E-BE7991850710}.Release|x64.ActiveCfg = Release|x64
		{4ED9B3BB-D449-42F2-8A7E-BE7991850710}.Release|x64.Build.0 = Release|x64
		{4ED9B3BB-D449-42F2-8A7E-BE7991850710}.Release|x86.ActiveCfg = Release|Win32
		{4ED9B3BB-D449-42F2-8A7E-BE7991850710}.Release|x86.Build.0 = Release|Win32
	EndGlobalSection
	GlobalSection(SolutionProperties) = preSolution
		HideSolutionNode = FALSE
	EndGlobalSection
	GlobalSection(ExtensibilityGlobals) = postSolution
		SolutionGuid = {227A36EF-C994-4322-AEE1-984D4D4A1617}
	EndGlobalSection
EndGlobal
